// !$*UTF8*$!
{
	archiveVersion = 1;
	classes = {
	};
	objectVersion = 56;
	objects = {

/* Begin PBXBuildFile section */
		2F21B3A42B09E5D3001BCB65 /* URLRequest.swift in Sources */ = {isa = PBXBuildFile; fileRef = 2F21B3A32B09E5D3001BCB65 /* URLRequest.swift */; };
		2F21B3A62B09E910001BCB65 /* URLSession.swift in Sources */ = {isa = PBXBuildFile; fileRef = 2F21B3A52B09E910001BCB65 /* URLSession.swift */; };
		2F3BD8302AD930500044F4DD /* GradientView.swift in Sources */ = {isa = PBXBuildFile; fileRef = 2F3BD82F2AD930500044F4DD /* GradientView.swift */; };
		2F531D302B07595B009477A3 /* OAuth2TokenStorage.swift in Sources */ = {isa = PBXBuildFile; fileRef = 2F531D2F2B07595B009477A3 /* OAuth2TokenStorage.swift */; };
		2F531D322B089553009477A3 /* SplashViewController.swift in Sources */ = {isa = PBXBuildFile; fileRef = 2F531D312B089553009477A3 /* SplashViewController.swift */; };
		2F5C3DB62AD80BC50002E8E3 /* ImagesListCell.swift in Sources */ = {isa = PBXBuildFile; fileRef = 2F5C3DB52AD80BC50002E8E3 /* ImagesListCell.swift */; };
		2FAA50682AE3DE24003DFA07 /* ProfileViewController.swift in Sources */ = {isa = PBXBuildFile; fileRef = 2FAA50672AE3DE24003DFA07 /* ProfileViewController.swift */; };
		2FAA506B2AE52EBF003DFA07 /* SingleImageViewController.swift in Sources */ = {isa = PBXBuildFile; fileRef = 2FAA506A2AE52EBF003DFA07 /* SingleImageViewController.swift */; };
		2FB23E722B139BAC0073ABFC /* UIBlockingProgressHUD.swift in Sources */ = {isa = PBXBuildFile; fileRef = 2FB23E712B139BAC0073ABFC /* UIBlockingProgressHUD.swift */; };
		2FB23E742B13BB8C0073ABFC /* ProfileService.swift in Sources */ = {isa = PBXBuildFile; fileRef = 2FB23E732B13BB8C0073ABFC /* ProfileService.swift */; };
		2FB23E772B13BE980073ABFC /* ProfileResult.swift in Sources */ = {isa = PBXBuildFile; fileRef = 2FB23E762B13BE980073ABFC /* ProfileResult.swift */; };
		2FB23E792B13BFBC0073ABFC /* Profile.swift in Sources */ = {isa = PBXBuildFile; fileRef = 2FB23E782B13BFBC0073ABFC /* Profile.swift */; };
		2FB23E902B15EAC20073ABFC /* ProfileImageService.swift in Sources */ = {isa = PBXBuildFile; fileRef = 2FB23E8F2B15EAC20073ABFC /* ProfileImageService.swift */; };
		2FB23E922B15EB190073ABFC /* UserResult.swift in Sources */ = {isa = PBXBuildFile; fileRef = 2FB23E912B15EB190073ABFC /* UserResult.swift */; };
		2FB23E982B19AF140073ABFC /* Kingfisher in Frameworks */ = {isa = PBXBuildFile; productRef = 2FB23E972B19AF140073ABFC /* Kingfisher */; };
		2FB23E9B2B1A2B210073ABFC /* SwiftKeychainWrapper in Frameworks */ = {isa = PBXBuildFile; productRef = 2FB23E9A2B1A2B210073ABFC /* SwiftKeychainWrapper */; };
		2FB23E9E2B1A2DF10073ABFC /* TabBarController.swift in Sources */ = {isa = PBXBuildFile; fileRef = 2FB23E9D2B1A2DF10073ABFC /* TabBarController.swift */; };
		2FB23EA02B1A45940073ABFC /* Main.storyboard in Resources */ = {isa = PBXBuildFile; fileRef = 2FB23E9F2B1A45940073ABFC /* Main.storyboard */; };
		2FB23EA22B1B82A50073ABFC /* AlertModel.swift in Sources */ = {isa = PBXBuildFile; fileRef = 2FB23EA12B1B82A50073ABFC /* AlertModel.swift */; };
		2FB23EA42B1B82EB0073ABFC /* AlertPresenter.swift in Sources */ = {isa = PBXBuildFile; fileRef = 2FB23EA32B1B82EB0073ABFC /* AlertPresenter.swift */; };
		2FB23EAD2B1F32420073ABFC /* Photo.swift in Sources */ = {isa = PBXBuildFile; fileRef = 2FB23EAC2B1F32420073ABFC /* Photo.swift */; };
		2FB23EAF2B1F32580073ABFC /* ImagesListService.swift in Sources */ = {isa = PBXBuildFile; fileRef = 2FB23EAE2B1F32580073ABFC /* ImagesListService.swift */; };
		2FB23EB12B1F40060073ABFC /* PhotoResult.swift in Sources */ = {isa = PBXBuildFile; fileRef = 2FB23EB02B1F40060073ABFC /* PhotoResult.swift */; };
		2FCBE2432AD12C7E00C85151 /* AppDelegate.swift in Sources */ = {isa = PBXBuildFile; fileRef = 2FCBE2422AD12C7E00C85151 /* AppDelegate.swift */; };
		2FCBE2452AD12C7E00C85151 /* SceneDelegate.swift in Sources */ = {isa = PBXBuildFile; fileRef = 2FCBE2442AD12C7E00C85151 /* SceneDelegate.swift */; };
		2FCBE2472AD12C7E00C85151 /* ImagesListViewController.swift in Sources */ = {isa = PBXBuildFile; fileRef = 2FCBE2462AD12C7E00C85151 /* ImagesListViewController.swift */; };
		2FCBE24C2AD12C7F00C85151 /* Assets.xcassets in Resources */ = {isa = PBXBuildFile; fileRef = 2FCBE24B2AD12C7F00C85151 /* Assets.xcassets */; };
		2FCBE24F2AD12C7F00C85151 /* LaunchScreen.storyboard in Resources */ = {isa = PBXBuildFile; fileRef = 2FCBE24D2AD12C7F00C85151 /* LaunchScreen.storyboard */; };
		2FE275752B28758C00EB5D39 /* ProgressHUD in Frameworks */ = {isa = PBXBuildFile; productRef = 2FE275742B28758C00EB5D39 /* ProgressHUD */; };
		2FE275772B294E0F00EB5D39 /* WebData.swift in Sources */ = {isa = PBXBuildFile; fileRef = 2FE275762B294E0F00EB5D39 /* WebData.swift */; };
		2FEB77162AFEB0F500EB4B53 /* AuthViewController.swift in Sources */ = {isa = PBXBuildFile; fileRef = 2FEB77152AFEB0F500EB4B53 /* AuthViewController.swift */; };
		2FEB77182AFEB0FB00EB4B53 /* Constants.swift in Sources */ = {isa = PBXBuildFile; fileRef = 2FEB77172AFEB0FB00EB4B53 /* Constants.swift */; };
		2FEB771A2B00EC7000EB4B53 /* WebViewViewController.swift in Sources */ = {isa = PBXBuildFile; fileRef = 2FEB77192B00EC6F00EB4B53 /* WebViewViewController.swift */; };
		2FEB771C2B02405800EB4B53 /* OAuthTokenResponseBody.swift in Sources */ = {isa = PBXBuildFile; fileRef = 2FEB771B2B02405800EB4B53 /* OAuthTokenResponseBody.swift */; };
		2FEB771E2B02411B00EB4B53 /* OAuth2Service.swift in Sources */ = {isa = PBXBuildFile; fileRef = 2FEB771D2B02411B00EB4B53 /* OAuth2Service.swift */; };
/* End PBXBuildFile section */

/* Begin PBXContainerItemProxy section */
		2FB23EBC2B1F98040073ABFC /* PBXContainerItemProxy */ = {
			isa = PBXContainerItemProxy;
			containerPortal = 2FCBE2372AD12C7E00C85151 /* Project object */;
			proxyType = 1;
			remoteGlobalIDString = 2FCBE23E2AD12C7E00C85151;
			remoteInfo = ImageFeed;
		};
/* End PBXContainerItemProxy section */

/* Begin PBXFileReference section */
		2F21B3A32B09E5D3001BCB65 /* URLRequest.swift */ = {isa = PBXFileReference; lastKnownFileType = sourcecode.swift; path = URLRequest.swift; sourceTree = "<group>"; };
		2F21B3A52B09E910001BCB65 /* URLSession.swift */ = {isa = PBXFileReference; lastKnownFileType = sourcecode.swift; path = URLSession.swift; sourceTree = "<group>"; };
		2F3BD82F2AD930500044F4DD /* GradientView.swift */ = {isa = PBXFileReference; lastKnownFileType = sourcecode.swift; path = GradientView.swift; sourceTree = "<group>"; };
		2F531D2F2B07595B009477A3 /* OAuth2TokenStorage.swift */ = {isa = PBXFileReference; lastKnownFileType = sourcecode.swift; path = OAuth2TokenStorage.swift; sourceTree = "<group>"; };
		2F531D312B089553009477A3 /* SplashViewController.swift */ = {isa = PBXFileReference; lastKnownFileType = sourcecode.swift; path = SplashViewController.swift; sourceTree = "<group>"; };
		2F5C3DB52AD80BC50002E8E3 /* ImagesListCell.swift */ = {isa = PBXFileReference; lastKnownFileType = sourcecode.swift; path = ImagesListCell.swift; sourceTree = "<group>"; };
		2FAA50672AE3DE24003DFA07 /* ProfileViewController.swift */ = {isa = PBXFileReference; lastKnownFileType = sourcecode.swift; path = ProfileViewController.swift; sourceTree = "<group>"; };
		2FAA506A2AE52EBF003DFA07 /* SingleImageViewController.swift */ = {isa = PBXFileReference; lastKnownFileType = sourcecode.swift; path = SingleImageViewController.swift; sourceTree = "<group>"; };
		2FB23E712B139BAC0073ABFC /* UIBlockingProgressHUD.swift */ = {isa = PBXFileReference; lastKnownFileType = sourcecode.swift; path = UIBlockingProgressHUD.swift; sourceTree = "<group>"; };
		2FB23E732B13BB8C0073ABFC /* ProfileService.swift */ = {isa = PBXFileReference; lastKnownFileType = sourcecode.swift; path = ProfileService.swift; sourceTree = "<group>"; };
		2FB23E762B13BE980073ABFC /* ProfileResult.swift */ = {isa = PBXFileReference; lastKnownFileType = sourcecode.swift; path = ProfileResult.swift; sourceTree = "<group>"; };
		2FB23E782B13BFBC0073ABFC /* Profile.swift */ = {isa = PBXFileReference; lastKnownFileType = sourcecode.swift; path = Profile.swift; sourceTree = "<group>"; };
		2FB23E8F2B15EAC20073ABFC /* ProfileImageService.swift */ = {isa = PBXFileReference; lastKnownFileType = sourcecode.swift; path = ProfileImageService.swift; sourceTree = "<group>"; };
		2FB23E912B15EB190073ABFC /* UserResult.swift */ = {isa = PBXFileReference; lastKnownFileType = sourcecode.swift; path = UserResult.swift; sourceTree = "<group>"; };
		2FB23E9D2B1A2DF10073ABFC /* TabBarController.swift */ = {isa = PBXFileReference; lastKnownFileType = sourcecode.swift; path = TabBarController.swift; sourceTree = "<group>"; };
		2FB23E9F2B1A45940073ABFC /* Main.storyboard */ = {isa = PBXFileReference; fileEncoding = 4; lastKnownFileType = file.storyboard; path = Main.storyboard; sourceTree = "<group>"; };
		2FB23EA12B1B82A50073ABFC /* AlertModel.swift */ = {isa = PBXFileReference; lastKnownFileType = sourcecode.swift; path = AlertModel.swift; sourceTree = "<group>"; };
		2FB23EA32B1B82EB0073ABFC /* AlertPresenter.swift */ = {isa = PBXFileReference; lastKnownFileType = sourcecode.swift; path = AlertPresenter.swift; sourceTree = "<group>"; };
		2FB23EAC2B1F32420073ABFC /* Photo.swift */ = {isa = PBXFileReference; lastKnownFileType = sourcecode.swift; path = Photo.swift; sourceTree = "<group>"; };
		2FB23EAE2B1F32580073ABFC /* ImagesListService.swift */ = {isa = PBXFileReference; lastKnownFileType = sourcecode.swift; path = ImagesListService.swift; sourceTree = "<group>"; };
		2FB23EB02B1F40060073ABFC /* PhotoResult.swift */ = {isa = PBXFileReference; lastKnownFileType = sourcecode.swift; path = PhotoResult.swift; sourceTree = "<group>"; };
		2FB23EB82B1F98030073ABFC /* ImageFeedTests.xctest */ = {isa = PBXFileReference; explicitFileType = wrapper.cfbundle; includeInIndex = 0; path = ImageFeedTests.xctest; sourceTree = BUILT_PRODUCTS_DIR; };
		2FCBE23F2AD12C7E00C85151 /* ImageFeed.app */ = {isa = PBXFileReference; explicitFileType = wrapper.application; includeInIndex = 0; path = ImageFeed.app; sourceTree = BUILT_PRODUCTS_DIR; };
		2FCBE2422AD12C7E00C85151 /* AppDelegate.swift */ = {isa = PBXFileReference; lastKnownFileType = sourcecode.swift; path = AppDelegate.swift; sourceTree = "<group>"; };
		2FCBE2442AD12C7E00C85151 /* SceneDelegate.swift */ = {isa = PBXFileReference; lastKnownFileType = sourcecode.swift; path = SceneDelegate.swift; sourceTree = "<group>"; };
		2FCBE2462AD12C7E00C85151 /* ImagesListViewController.swift */ = {isa = PBXFileReference; lastKnownFileType = sourcecode.swift; path = ImagesListViewController.swift; sourceTree = "<group>"; };
		2FCBE24B2AD12C7F00C85151 /* Assets.xcassets */ = {isa = PBXFileReference; lastKnownFileType = folder.assetcatalog; path = Assets.xcassets; sourceTree = "<group>"; };
		2FCBE24E2AD12C7F00C85151 /* Base */ = {isa = PBXFileReference; lastKnownFileType = file.storyboard; name = Base; path = Base.lproj/LaunchScreen.storyboard; sourceTree = "<group>"; };
		2FCBE2502AD12C7F00C85151 /* Info.plist */ = {isa = PBXFileReference; lastKnownFileType = text.plist.xml; path = Info.plist; sourceTree = "<group>"; };
		2FE275762B294E0F00EB5D39 /* WebData.swift */ = {isa = PBXFileReference; lastKnownFileType = sourcecode.swift; path = WebData.swift; sourceTree = "<group>"; };
		2FEB77152AFEB0F500EB4B53 /* AuthViewController.swift */ = {isa = PBXFileReference; fileEncoding = 4; lastKnownFileType = sourcecode.swift; path = AuthViewController.swift; sourceTree = "<group>"; };
		2FEB77172AFEB0FB00EB4B53 /* Constants.swift */ = {isa = PBXFileReference; fileEncoding = 4; lastKnownFileType = sourcecode.swift; path = Constants.swift; sourceTree = "<group>"; };
		2FEB77192B00EC6F00EB4B53 /* WebViewViewController.swift */ = {isa = PBXFileReference; lastKnownFileType = sourcecode.swift; path = WebViewViewController.swift; sourceTree = "<group>"; };
		2FEB771B2B02405800EB4B53 /* OAuthTokenResponseBody.swift */ = {isa = PBXFileReference; lastKnownFileType = sourcecode.swift; path = OAuthTokenResponseBody.swift; sourceTree = "<group>"; };
		2FEB771D2B02411B00EB4B53 /* OAuth2Service.swift */ = {isa = PBXFileReference; lastKnownFileType = sourcecode.swift; path = OAuth2Service.swift; sourceTree = "<group>"; };
/* End PBXFileReference section */

/* Begin PBXFrameworksBuildPhase section */
		2FB23EB52B1F98030073ABFC /* Frameworks */ = {
			isa = PBXFrameworksBuildPhase;
			buildActionMask = 2147483647;
			files = (
			);
			runOnlyForDeploymentPostprocessing = 0;
		};
		2FCBE23C2AD12C7E00C85151 /* Frameworks */ = {
			isa = PBXFrameworksBuildPhase;
			buildActionMask = 2147483647;
			files = (
				2FE275752B28758C00EB5D39 /* ProgressHUD in Frameworks */,
				2FB23E982B19AF140073ABFC /* Kingfisher in Frameworks */,
				2FB23E9B2B1A2B210073ABFC /* SwiftKeychainWrapper in Frameworks */,
			);
			runOnlyForDeploymentPostprocessing = 0;
		};
/* End PBXFrameworksBuildPhase section */

/* Begin PBXGroup section */
		2F531D232B06259E009477A3 /* Services */ = {
			isa = PBXGroup;
			children = (
				2FEB771D2B02411B00EB4B53 /* OAuth2Service.swift */,
				2F531D2F2B07595B009477A3 /* OAuth2TokenStorage.swift */,
				2FB23E732B13BB8C0073ABFC /* ProfileService.swift */,
				2FB23E8F2B15EAC20073ABFC /* ProfileImageService.swift */,
				2FB23EAE2B1F32580073ABFC /* ImagesListService.swift */,
				2FE275762B294E0F00EB5D39 /* WebData.swift */,
			);
			path = Services;
			sourceTree = "<group>";
		};
		2F531D332B089F06009477A3 /* Splash */ = {
			isa = PBXGroup;
			children = (
				2F531D312B089553009477A3 /* SplashViewController.swift */,
			);
			path = Splash;
			sourceTree = "<group>";
		};
		2F5C3DB72AD80C2F0002E8E3 /* ImagesList */ = {
			isa = PBXGroup;
			children = (
				2F5C3DB52AD80BC50002E8E3 /* ImagesListCell.swift */,
				2FCBE2462AD12C7E00C85151 /* ImagesListViewController.swift */,
			);
			path = ImagesList;
			sourceTree = "<group>";
		};
		2FAA50692AE3E141003DFA07 /* Profile */ = {
			isa = PBXGroup;
			children = (
				2FAA50672AE3DE24003DFA07 /* ProfileViewController.swift */,
			);
			path = Profile;
			sourceTree = "<group>";
		};
		2FAA506C2AE534F2003DFA07 /* SingleImage */ = {
			isa = PBXGroup;
			children = (
				2FAA506A2AE52EBF003DFA07 /* SingleImageViewController.swift */,
			);
			path = SingleImage;
			sourceTree = "<group>";
		};
		2FB23E752B13BE310073ABFC /* Models */ = {
			isa = PBXGroup;
			children = (
				2FEB771B2B02405800EB4B53 /* OAuthTokenResponseBody.swift */,
				2FB23EA12B1B82A50073ABFC /* AlertModel.swift */,
				2FB23E762B13BE980073ABFC /* ProfileResult.swift */,
				2FB23E782B13BFBC0073ABFC /* Profile.swift */,
				2FB23E912B15EB190073ABFC /* UserResult.swift */,
				2FB23EAC2B1F32420073ABFC /* Photo.swift */,
				2FB23EB02B1F40060073ABFC /* PhotoResult.swift */,
			);
			path = Models;
			sourceTree = "<group>";
		};
		2FB23E8D2B15C1260073ABFC /* Extension */ = {
			isa = PBXGroup;
			children = (
				2F21B3A52B09E910001BCB65 /* URLSession.swift */,
				2F21B3A32B09E5D3001BCB65 /* URLRequest.swift */,
			);
			path = Extension;
			sourceTree = "<group>";
		};
		2FB23E8E2B15C17B0073ABFC /* Modules */ = {
			isa = PBXGroup;
			children = (
				2FB23E9C2B1A2DDA0073ABFC /* TabBar */,
				2F531D332B089F06009477A3 /* Splash */,
				2FEB77142AFEB0F500EB4B53 /* Auth */,
				2FAA506C2AE534F2003DFA07 /* SingleImage */,
				2F5C3DB72AD80C2F0002E8E3 /* ImagesList */,
				2FAA50692AE3E141003DFA07 /* Profile */,
			);
			path = Modules;
			sourceTree = "<group>";
		};
		2FB23E9C2B1A2DDA0073ABFC /* TabBar */ = {
			isa = PBXGroup;
			children = (
				2FB23E9D2B1A2DF10073ABFC /* TabBarController.swift */,
			);
			path = TabBar;
			sourceTree = "<group>";
		};
		2FCBE2362AD12C7E00C85151 = {
			isa = PBXGroup;
			children = (
				2FCBE2412AD12C7E00C85151 /* ImageFeed */,
				2FCBE2402AD12C7E00C85151 /* Products */,
			);
			sourceTree = "<group>";
		};
		2FCBE2402AD12C7E00C85151 /* Products */ = {
			isa = PBXGroup;
			children = (
				2FCBE23F2AD12C7E00C85151 /* ImageFeed.app */,
				2FB23EB82B1F98030073ABFC /* ImageFeedTests.xctest */,
			);
			name = Products;
			sourceTree = "<group>";
		};
		2FCBE2412AD12C7E00C85151 /* ImageFeed */ = {
			isa = PBXGroup;
			children = (
				2FB23E8E2B15C17B0073ABFC /* Modules */,
				2F531D232B06259E009477A3 /* Services */,
				2FB23E752B13BE310073ABFC /* Models */,
				2FB23E8D2B15C1260073ABFC /* Extension */,
				2FCBE2422AD12C7E00C85151 /* AppDelegate.swift */,
				2FCBE2442AD12C7E00C85151 /* SceneDelegate.swift */,
				2FB23EA32B1B82EB0073ABFC /* AlertPresenter.swift */,
				2F3BD82F2AD930500044F4DD /* GradientView.swift */,
				2FEB77172AFEB0FB00EB4B53 /* Constants.swift */,
				2FB23E712B139BAC0073ABFC /* UIBlockingProgressHUD.swift */,
				2FCBE24B2AD12C7F00C85151 /* Assets.xcassets */,
				2FB23E9F2B1A45940073ABFC /* Main.storyboard */,
				2FCBE24D2AD12C7F00C85151 /* LaunchScreen.storyboard */,
				2FCBE2502AD12C7F00C85151 /* Info.plist */,
			);
			path = ImageFeed;
			sourceTree = "<group>";
		};
		2FEB77142AFEB0F500EB4B53 /* Auth */ = {
			isa = PBXGroup;
			children = (
				2FEB77152AFEB0F500EB4B53 /* AuthViewController.swift */,
				2FEB77192B00EC6F00EB4B53 /* WebViewViewController.swift */,
			);
			path = Auth;
			sourceTree = "<group>";
		};
/* End PBXGroup section */

/* Begin PBXNativeTarget section */
		2FB23EB72B1F98030073ABFC /* ImageFeedTests */ = {
			isa = PBXNativeTarget;
			buildConfigurationList = 2FB23EBE2B1F98040073ABFC /* Build configuration list for PBXNativeTarget "ImageFeedTests" */;
			buildPhases = (
				2FB23EB42B1F98030073ABFC /* Sources */,
				2FB23EB52B1F98030073ABFC /* Frameworks */,
				2FB23EB62B1F98030073ABFC /* Resources */,
			);
			buildRules = (
			);
			dependencies = (
				2FB23EBD2B1F98040073ABFC /* PBXTargetDependency */,
			);
			name = ImageFeedTests;
			productName = ImageFeedTests;
			productReference = 2FB23EB82B1F98030073ABFC /* ImageFeedTests.xctest */;
			productType = "com.apple.product-type.bundle.unit-test";
		};
		2FCBE23E2AD12C7E00C85151 /* ImageFeed */ = {
			isa = PBXNativeTarget;
			buildConfigurationList = 2FCBE2532AD12C7F00C85151 /* Build configuration list for PBXNativeTarget "ImageFeed" */;
			buildPhases = (
				2FCBE23B2AD12C7E00C85151 /* Sources */,
				2FCBE23C2AD12C7E00C85151 /* Frameworks */,
				2FCBE23D2AD12C7E00C85151 /* Resources */,
			);
			buildRules = (
			);
			dependencies = (
			);
			name = ImageFeed;
			packageProductDependencies = (
				2FB23E972B19AF140073ABFC /* Kingfisher */,
				2FB23E9A2B1A2B210073ABFC /* SwiftKeychainWrapper */,
				2FE275742B28758C00EB5D39 /* ProgressHUD */,
			);
			productName = ImageFeed;
			productReference = 2FCBE23F2AD12C7E00C85151 /* ImageFeed.app */;
			productType = "com.apple.product-type.application";
		};
/* End PBXNativeTarget section */

/* Begin PBXProject section */
		2FCBE2372AD12C7E00C85151 /* Project object */ = {
			isa = PBXProject;
			attributes = {
				BuildIndependentTargetsInParallel = 1;
				LastSwiftUpdateCheck = 1430;
				LastUpgradeCheck = 1430;
				TargetAttributes = {
					2FB23EB72B1F98030073ABFC = {
						CreatedOnToolsVersion = 14.3.1;
						TestTargetID = 2FCBE23E2AD12C7E00C85151;
					};
					2FCBE23E2AD12C7E00C85151 = {
						CreatedOnToolsVersion = 14.3.1;
					};
				};
			};
			buildConfigurationList = 2FCBE23A2AD12C7E00C85151 /* Build configuration list for PBXProject "ImageFeed" */;
			compatibilityVersion = "Xcode 14.0";
			developmentRegion = en;
			hasScannedForEncodings = 0;
			knownRegions = (
				en,
				Base,
			);
			mainGroup = 2FCBE2362AD12C7E00C85151;
			packageReferences = (
				2FB23E962B19AF140073ABFC /* XCRemoteSwiftPackageReference "Kingfisher" */,
				2FB23E992B1A2B210073ABFC /* XCRemoteSwiftPackageReference "SwiftKeychainWrapper" */,
				2FE275732B28758C00EB5D39 /* XCRemoteSwiftPackageReference "ProgressHUD" */,
			);
			productRefGroup = 2FCBE2402AD12C7E00C85151 /* Products */;
			projectDirPath = "";
			projectRoot = "";
			targets = (
				2FCBE23E2AD12C7E00C85151 /* ImageFeed */,
				2FB23EB72B1F98030073ABFC /* ImageFeedTests */,
			);
		};
/* End PBXProject section */

/* Begin PBXResourcesBuildPhase section */
		2FB23EB62B1F98030073ABFC /* Resources */ = {
			isa = PBXResourcesBuildPhase;
			buildActionMask = 2147483647;
			files = (
			);
			runOnlyForDeploymentPostprocessing = 0;
		};
		2FCBE23D2AD12C7E00C85151 /* Resources */ = {
			isa = PBXResourcesBuildPhase;
			buildActionMask = 2147483647;
			files = (
				2FB23EA02B1A45940073ABFC /* Main.storyboard in Resources */,
				2FCBE24F2AD12C7F00C85151 /* LaunchScreen.storyboard in Resources */,
				2FCBE24C2AD12C7F00C85151 /* Assets.xcassets in Resources */,
			);
			runOnlyForDeploymentPostprocessing = 0;
		};
/* End PBXResourcesBuildPhase section */

/* Begin PBXSourcesBuildPhase section */
		2FB23EB42B1F98030073ABFC /* Sources */ = {
			isa = PBXSourcesBuildPhase;
			buildActionMask = 2147483647;
			files = (
			);
			runOnlyForDeploymentPostprocessing = 0;
		};
		2FCBE23B2AD12C7E00C85151 /* Sources */ = {
			isa = PBXSourcesBuildPhase;
			buildActionMask = 2147483647;
			files = (
				2FEB771A2B00EC7000EB4B53 /* WebViewViewController.swift in Sources */,
				2FB23E792B13BFBC0073ABFC /* Profile.swift in Sources */,
				2FAA50682AE3DE24003DFA07 /* ProfileViewController.swift in Sources */,
				2FB23E772B13BE980073ABFC /* ProfileResult.swift in Sources */,
				2FB23EA22B1B82A50073ABFC /* AlertModel.swift in Sources */,
				2F21B3A62B09E910001BCB65 /* URLSession.swift in Sources */,
				2FB23EAD2B1F32420073ABFC /* Photo.swift in Sources */,
				2FB23E9E2B1A2DF10073ABFC /* TabBarController.swift in Sources */,
				2FEB771E2B02411B00EB4B53 /* OAuth2Service.swift in Sources */,
				2FB23EB12B1F40060073ABFC /* PhotoResult.swift in Sources */,
				2FCBE2472AD12C7E00C85151 /* ImagesListViewController.swift in Sources */,
				2FE275772B294E0F00EB5D39 /* WebData.swift in Sources */,
				2F5C3DB62AD80BC50002E8E3 /* ImagesListCell.swift in Sources */,
				2F21B3A42B09E5D3001BCB65 /* URLRequest.swift in Sources */,
				2F531D322B089553009477A3 /* SplashViewController.swift in Sources */,
				2FEB771C2B02405800EB4B53 /* OAuthTokenResponseBody.swift in Sources */,
				2FB23E922B15EB190073ABFC /* UserResult.swift in Sources */,
				2FAA506B2AE52EBF003DFA07 /* SingleImageViewController.swift in Sources */,
				2FB23EA42B1B82EB0073ABFC /* AlertPresenter.swift in Sources */,
				2FEB77162AFEB0F500EB4B53 /* AuthViewController.swift in Sources */,
				2FB23E742B13BB8C0073ABFC /* ProfileService.swift in Sources */,
				2F3BD8302AD930500044F4DD /* GradientView.swift in Sources */,
				2FB23E902B15EAC20073ABFC /* ProfileImageService.swift in Sources */,
				2FCBE2432AD12C7E00C85151 /* AppDelegate.swift in Sources */,
				2FB23EAF2B1F32580073ABFC /* ImagesListService.swift in Sources */,
				2F531D302B07595B009477A3 /* OAuth2TokenStorage.swift in Sources */,
				2FB23E722B139BAC0073ABFC /* UIBlockingProgressHUD.swift in Sources */,
				2FCBE2452AD12C7E00C85151 /* SceneDelegate.swift in Sources */,
				2FEB77182AFEB0FB00EB4B53 /* Constants.swift in Sources */,
			);
			runOnlyForDeploymentPostprocessing = 0;
		};
/* End PBXSourcesBuildPhase section */

/* Begin PBXTargetDependency section */
		2FB23EBD2B1F98040073ABFC /* PBXTargetDependency */ = {
			isa = PBXTargetDependency;
			target = 2FCBE23E2AD12C7E00C85151 /* ImageFeed */;
			targetProxy = 2FB23EBC2B1F98040073ABFC /* PBXContainerItemProxy */;
		};
/* End PBXTargetDependency section */

/* Begin PBXVariantGroup section */
		2FCBE24D2AD12C7F00C85151 /* LaunchScreen.storyboard */ = {
			isa = PBXVariantGroup;
			children = (
				2FCBE24E2AD12C7F00C85151 /* Base */,
			);
			name = LaunchScreen.storyboard;
			sourceTree = "<group>";
		};
/* End PBXVariantGroup section */

/* Begin XCBuildConfiguration section */
		2FB23EBF2B1F98040073ABFC /* Debug */ = {
			isa = XCBuildConfiguration;
			buildSettings = {
				BUNDLE_LOADER = "$(TEST_HOST)";
				CODE_SIGN_STYLE = Automatic;
				CURRENT_PROJECT_VERSION = 1;
				DEVELOPMENT_TEAM = 5DFZ35D897;
				GENERATE_INFOPLIST_FILE = YES;
				MARKETING_VERSION = 1.0;
				PRODUCT_BUNDLE_IDENTIFIER = ru.KolAr.ImageFeedTests;
				PRODUCT_NAME = "$(TARGET_NAME)";
				SWIFT_EMIT_LOC_STRINGS = NO;
				SWIFT_VERSION = 5.0;
				TARGETED_DEVICE_FAMILY = "1,2";
				TEST_HOST = "$(BUILT_PRODUCTS_DIR)/ImageFeed.app/$(BUNDLE_EXECUTABLE_FOLDER_PATH)/ImageFeed";
			};
			name = Debug;
		};
		2FB23EC02B1F98040073ABFC /* Release */ = {
			isa = XCBuildConfiguration;
			buildSettings = {
				BUNDLE_LOADER = "$(TEST_HOST)";
				CODE_SIGN_STYLE = Automatic;
				CURRENT_PROJECT_VERSION = 1;
				DEVELOPMENT_TEAM = 5DFZ35D897;
				GENERATE_INFOPLIST_FILE = YES;
				MARKETING_VERSION = 1.0;
				PRODUCT_BUNDLE_IDENTIFIER = ru.KolAr.ImageFeedTests;
				PRODUCT_NAME = "$(TARGET_NAME)";
				SWIFT_EMIT_LOC_STRINGS = NO;
				SWIFT_VERSION = 5.0;
				TARGETED_DEVICE_FAMILY = "1,2";
				TEST_HOST = "$(BUILT_PRODUCTS_DIR)/ImageFeed.app/$(BUNDLE_EXECUTABLE_FOLDER_PATH)/ImageFeed";
			};
			name = Release;
		};
		2FCBE2512AD12C7F00C85151 /* Debug */ = {
			isa = XCBuildConfiguration;
			buildSettings = {
				ALWAYS_SEARCH_USER_PATHS = NO;
				CLANG_ANALYZER_NONNULL = YES;
				CLANG_ANALYZER_NUMBER_OBJECT_CONVERSION = YES_AGGRESSIVE;
				CLANG_CXX_LANGUAGE_STANDARD = "gnu++20";
				CLANG_ENABLE_MODULES = YES;
				CLANG_ENABLE_OBJC_ARC = YES;
				CLANG_ENABLE_OBJC_WEAK = YES;
				CLANG_WARN_BLOCK_CAPTURE_AUTORELEASING = YES;
				CLANG_WARN_BOOL_CONVERSION = YES;
				CLANG_WARN_COMMA = YES;
				CLANG_WARN_CONSTANT_CONVERSION = YES;
				CLANG_WARN_DEPRECATED_OBJC_IMPLEMENTATIONS = YES;
				CLANG_WARN_DIRECT_OBJC_ISA_USAGE = YES_ERROR;
				CLANG_WARN_DOCUMENTATION_COMMENTS = YES;
				CLANG_WARN_EMPTY_BODY = YES;
				CLANG_WARN_ENUM_CONVERSION = YES;
				CLANG_WARN_INFINITE_RECURSION = YES;
				CLANG_WARN_INT_CONVERSION = YES;
				CLANG_WARN_NON_LITERAL_NULL_CONVERSION = YES;
				CLANG_WARN_OBJC_IMPLICIT_RETAIN_SELF = YES;
				CLANG_WARN_OBJC_LITERAL_CONVERSION = YES;
				CLANG_WARN_OBJC_ROOT_CLASS = YES_ERROR;
				CLANG_WARN_QUOTED_INCLUDE_IN_FRAMEWORK_HEADER = YES;
				CLANG_WARN_RANGE_LOOP_ANALYSIS = YES;
				CLANG_WARN_STRICT_PROTOTYPES = YES;
				CLANG_WARN_SUSPICIOUS_MOVE = YES;
				CLANG_WARN_UNGUARDED_AVAILABILITY = YES_AGGRESSIVE;
				CLANG_WARN_UNREACHABLE_CODE = YES;
				CLANG_WARN__DUPLICATE_METHOD_MATCH = YES;
				COPY_PHASE_STRIP = NO;
				DEBUG_INFORMATION_FORMAT = dwarf;
				ENABLE_STRICT_OBJC_MSGSEND = YES;
				ENABLE_TESTABILITY = YES;
				GCC_C_LANGUAGE_STANDARD = gnu11;
				GCC_DYNAMIC_NO_PIC = NO;
				GCC_NO_COMMON_BLOCKS = YES;
				GCC_OPTIMIZATION_LEVEL = 0;
				GCC_PREPROCESSOR_DEFINITIONS = (
					"DEBUG=1",
					"$(inherited)",
				);
				GCC_WARN_64_TO_32_BIT_CONVERSION = YES;
				GCC_WARN_ABOUT_RETURN_TYPE = YES_ERROR;
				GCC_WARN_UNDECLARED_SELECTOR = YES;
				GCC_WARN_UNINITIALIZED_AUTOS = YES_AGGRESSIVE;
				GCC_WARN_UNUSED_FUNCTION = YES;
				GCC_WARN_UNUSED_VARIABLE = YES;
				IPHONEOS_DEPLOYMENT_TARGET = 16.4;
				MTL_ENABLE_DEBUG_INFO = INCLUDE_SOURCE;
				MTL_FAST_MATH = YES;
				ONLY_ACTIVE_ARCH = YES;
				SDKROOT = iphoneos;
				SWIFT_ACTIVE_COMPILATION_CONDITIONS = DEBUG;
				SWIFT_OPTIMIZATION_LEVEL = "-Onone";
			};
			name = Debug;
		};
		2FCBE2522AD12C7F00C85151 /* Release */ = {
			isa = XCBuildConfiguration;
			buildSettings = {
				ALWAYS_SEARCH_USER_PATHS = NO;
				CLANG_ANALYZER_NONNULL = YES;
				CLANG_ANALYZER_NUMBER_OBJECT_CONVERSION = YES_AGGRESSIVE;
				CLANG_CXX_LANGUAGE_STANDARD = "gnu++20";
				CLANG_ENABLE_MODULES = YES;
				CLANG_ENABLE_OBJC_ARC = YES;
				CLANG_ENABLE_OBJC_WEAK = YES;
				CLANG_WARN_BLOCK_CAPTURE_AUTORELEASING = YES;
				CLANG_WARN_BOOL_CONVERSION = YES;
				CLANG_WARN_COMMA = YES;
				CLANG_WARN_CONSTANT_CONVERSION = YES;
				CLANG_WARN_DEPRECATED_OBJC_IMPLEMENTATIONS = YES;
				CLANG_WARN_DIRECT_OBJC_ISA_USAGE = YES_ERROR;
				CLANG_WARN_DOCUMENTATION_COMMENTS = YES;
				CLANG_WARN_EMPTY_BODY = YES;
				CLANG_WARN_ENUM_CONVERSION = YES;
				CLANG_WARN_INFINITE_RECURSION = YES;
				CLANG_WARN_INT_CONVERSION = YES;
				CLANG_WARN_NON_LITERAL_NULL_CONVERSION = YES;
				CLANG_WARN_OBJC_IMPLICIT_RETAIN_SELF = YES;
				CLANG_WARN_OBJC_LITERAL_CONVERSION = YES;
				CLANG_WARN_OBJC_ROOT_CLASS = YES_ERROR;
				CLANG_WARN_QUOTED_INCLUDE_IN_FRAMEWORK_HEADER = YES;
				CLANG_WARN_RANGE_LOOP_ANALYSIS = YES;
				CLANG_WARN_STRICT_PROTOTYPES = YES;
				CLANG_WARN_SUSPICIOUS_MOVE = YES;
				CLANG_WARN_UNGUARDED_AVAILABILITY = YES_AGGRESSIVE;
				CLANG_WARN_UNREACHABLE_CODE = YES;
				CLANG_WARN__DUPLICATE_METHOD_MATCH = YES;
				COPY_PHASE_STRIP = NO;
				DEBUG_INFORMATION_FORMAT = "dwarf-with-dsym";
				ENABLE_NS_ASSERTIONS = NO;
				ENABLE_STRICT_OBJC_MSGSEND = YES;
				GCC_C_LANGUAGE_STANDARD = gnu11;
				GCC_NO_COMMON_BLOCKS = YES;
				GCC_WARN_64_TO_32_BIT_CONVERSION = YES;
				GCC_WARN_ABOUT_RETURN_TYPE = YES_ERROR;
				GCC_WARN_UNDECLARED_SELECTOR = YES;
				GCC_WARN_UNINITIALIZED_AUTOS = YES_AGGRESSIVE;
				GCC_WARN_UNUSED_FUNCTION = YES;
				GCC_WARN_UNUSED_VARIABLE = YES;
				IPHONEOS_DEPLOYMENT_TARGET = 16.4;
				MTL_ENABLE_DEBUG_INFO = NO;
				MTL_FAST_MATH = YES;
				SDKROOT = iphoneos;
				SWIFT_COMPILATION_MODE = wholemodule;
				SWIFT_OPTIMIZATION_LEVEL = "-O";
				VALIDATE_PRODUCT = YES;
			};
			name = Release;
		};
		2FCBE2542AD12C7F00C85151 /* Debug */ = {
			isa = XCBuildConfiguration;
			buildSettings = {
				ASSETCATALOG_COMPILER_APPICON_NAME = AppIcon;
				ASSETCATALOG_COMPILER_GLOBAL_ACCENT_COLOR_NAME = AccentColor;
				CODE_SIGN_STYLE = Automatic;
				CURRENT_PROJECT_VERSION = 1;
				DEVELOPMENT_TEAM = 5DFZ35D897;
				GENERATE_INFOPLIST_FILE = YES;
				INFOPLIST_FILE = ImageFeed/Info.plist;
				INFOPLIST_KEY_UIApplicationSupportsIndirectInputEvents = YES;
				INFOPLIST_KEY_UILaunchStoryboardName = LaunchScreen;
				INFOPLIST_KEY_UIMainStoryboardFile = Main;
				INFOPLIST_KEY_UISupportedInterfaceOrientations = UIInterfaceOrientationPortrait;
				IPHONEOS_DEPLOYMENT_TARGET = 13.0;
				LD_RUNPATH_SEARCH_PATHS = (
					"$(inherited)",
					"@executable_path/Frameworks",
				);
				MARKETING_VERSION = 1.0;
				PRODUCT_BUNDLE_IDENTIFIER = ru.KolAr.ImageFeed;
				PRODUCT_NAME = "$(TARGET_NAME)";
				SUPPORTED_PLATFORMS = "iphoneos iphonesimulator";
				SUPPORTS_MACCATALYST = NO;
				SUPPORTS_MAC_DESIGNED_FOR_IPHONE_IPAD = NO;
				SWIFT_EMIT_LOC_STRINGS = YES;
				SWIFT_VERSION = 5.0;
				TARGETED_DEVICE_FAMILY = 1;
			};
			name = Debug;
		};
		2FCBE2552AD12C7F00C85151 /* Release */ = {
			isa = XCBuildConfiguration;
			buildSettings = {
				ASSETCATALOG_COMPILER_APPICON_NAME = AppIcon;
				ASSETCATALOG_COMPILER_GLOBAL_ACCENT_COLOR_NAME = AccentColor;
				CODE_SIGN_STYLE = Automatic;
				CURRENT_PROJECT_VERSION = 1;
				DEVELOPMENT_TEAM = 5DFZ35D897;
				GENERATE_INFOPLIST_FILE = YES;
				INFOPLIST_FILE = ImageFeed/Info.plist;
				INFOPLIST_KEY_UIApplicationSupportsIndirectInputEvents = YES;
				INFOPLIST_KEY_UILaunchStoryboardName = LaunchScreen;
				INFOPLIST_KEY_UIMainStoryboardFile = Main;
				INFOPLIST_KEY_UISupportedInterfaceOrientations = UIInterfaceOrientationPortrait;
				IPHONEOS_DEPLOYMENT_TARGET = 13.0;
				LD_RUNPATH_SEARCH_PATHS = (
					"$(inherited)",
					"@executable_path/Frameworks",
				);
				MARKETING_VERSION = 1.0;
				PRODUCT_BUNDLE_IDENTIFIER = ru.KolAr.ImageFeed;
				PRODUCT_NAME = "$(TARGET_NAME)";
				SUPPORTED_PLATFORMS = "iphoneos iphonesimulator";
				SUPPORTS_MACCATALYST = NO;
				SUPPORTS_MAC_DESIGNED_FOR_IPHONE_IPAD = NO;
				SWIFT_EMIT_LOC_STRINGS = YES;
				SWIFT_VERSION = 5.0;
				TARGETED_DEVICE_FAMILY = 1;
			};
			name = Release;
		};
/* End XCBuildConfiguration section */

/* Begin XCConfigurationList section */
		2FB23EBE2B1F98040073ABFC /* Build configuration list for PBXNativeTarget "ImageFeedTests" */ = {
			isa = XCConfigurationList;
			buildConfigurations = (
				2FB23EBF2B1F98040073ABFC /* Debug */,
				2FB23EC02B1F98040073ABFC /* Release */,
			);
			defaultConfigurationIsVisible = 0;
			defaultConfigurationName = Release;
		};
		2FCBE23A2AD12C7E00C85151 /* Build configuration list for PBXProject "ImageFeed" */ = {
			isa = XCConfigurationList;
			buildConfigurations = (
				2FCBE2512AD12C7F00C85151 /* Debug */,
				2FCBE2522AD12C7F00C85151 /* Release */,
			);
			defaultConfigurationIsVisible = 0;
			defaultConfigurationName = Release;
		};
		2FCBE2532AD12C7F00C85151 /* Build configuration list for PBXNativeTarget "ImageFeed" */ = {
			isa = XCConfigurationList;
			buildConfigurations = (
				2FCBE2542AD12C7F00C85151 /* Debug */,
				2FCBE2552AD12C7F00C85151 /* Release */,
			);
			defaultConfigurationIsVisible = 0;
			defaultConfigurationName = Release;
		};
/* End XCConfigurationList section */

/* Begin XCRemoteSwiftPackageReference section */
		2FB23E962B19AF140073ABFC /* XCRemoteSwiftPackageReference "Kingfisher" */ = {
			isa = XCRemoteSwiftPackageReference;
			repositoryURL = "https://github.com/onevcat/Kingfisher";
			requirement = {
				kind = upToNextMajorVersion;
				minimumVersion = 7.0.0;
			};
		};
		2FB23E992B1A2B210073ABFC /* XCRemoteSwiftPackageReference "SwiftKeychainWrapper" */ = {
			isa = XCRemoteSwiftPackageReference;
			repositoryURL = "https://github.com/jrendel/SwiftKeychainWrapper";
			requirement = {
				kind = upToNextMajorVersion;
				minimumVersion = 4.0.0;
			};
		};
		2FE275732B28758C00EB5D39 /* XCRemoteSwiftPackageReference "ProgressHUD" */ = {
			isa = XCRemoteSwiftPackageReference;
			repositoryURL = "https://github.com/relatedcode/ProgressHUD";
			requirement = {
				kind = versionRange;
				maximumVersion = 13.6.2;
				minimumVersion = 13.6.1;
			};
		};
/* End XCRemoteSwiftPackageReference section */

/* Begin XCSwiftPackageProductDependency section */
		2FB23E972B19AF140073ABFC /* Kingfisher */ = {
			isa = XCSwiftPackageProductDependency;
			package = 2FB23E962B19AF140073ABFC /* XCRemoteSwiftPackageReference "Kingfisher" */;
			productName = Kingfisher;
		};
		2FB23E9A2B1A2B210073ABFC /* SwiftKeychainWrapper */ = {
			isa = XCSwiftPackageProductDependency;
			package = 2FB23E992B1A2B210073ABFC /* XCRemoteSwiftPackageReference "SwiftKeychainWrapper" */;
			productName = SwiftKeychainWrapper;
		};
		2FE275742B28758C00EB5D39 /* ProgressHUD */ = {
			isa = XCSwiftPackageProductDependency;
			package = 2FE275732B28758C00EB5D39 /* XCRemoteSwiftPackageReference "ProgressHUD" */;
			productName = ProgressHUD;
		};
/* End XCSwiftPackageProductDependency section */
	};
	rootObject = 2FCBE2372AD12C7E00C85151 /* Project object */;
}
